// !$*UTF8*$!
{
	archiveVersion = 1;
	classes = {
	};
	objectVersion = 46;
	objects = {

/* Begin PBXBuildFile section */
		B332E84714E0DBA6006FC0D7 /* IntervalTwoPickerController.xib in Resources */ = {isa = PBXBuildFile; fileRef = B332E84614E0DBA6006FC0D7 /* IntervalTwoPickerController.xib */; };
		B3398DDD14E683D900E4F227 /* TimerCell.m in Sources */ = {isa = PBXBuildFile; fileRef = B3398DDC14E683D900E4F227 /* TimerCell.m */; };
		B3398DDF14E687FC00E4F227 /* cell.png in Resources */ = {isa = PBXBuildFile; fileRef = B3398DDE14E687FC00E4F227 /* cell.png */; };
		B356CFD414DF3DF9007389CC /* IntervalPickerController.m in Sources */ = {isa = PBXBuildFile; fileRef = B356CFD214DF3DF9007389CC /* IntervalPickerController.m */; };
		B356CFD514DF3DF9007389CC /* IntervalOnePickerController.xib in Resources */ = {isa = PBXBuildFile; fileRef = B356CFD314DF3DF9007389CC /* IntervalOnePickerController.xib */; };
		B356CFD914DF3E06007389CC /* LapsPickerController.m in Sources */ = {isa = PBXBuildFile; fileRef = B356CFD714DF3E06007389CC /* LapsPickerController.m */; };
		B356CFDA14DF3E06007389CC /* LapsPickerController.xib in Resources */ = {isa = PBXBuildFile; fileRef = B356CFD814DF3E06007389CC /* LapsPickerController.xib */; };
		B356CFDE14DF3E1D007389CC /* BeepModePickerController.m in Sources */ = {isa = PBXBuildFile; fileRef = B356CFDC14DF3E1D007389CC /* BeepModePickerController.m */; };
		B356CFDF14DF3E1D007389CC /* BeepModePickerController.xib in Resources */ = {isa = PBXBuildFile; fileRef = B356CFDD14DF3E1D007389CC /* BeepModePickerController.xib */; };
		B356CFE314DF3E27007389CC /* AlarmModePickerController.m in Sources */ = {isa = PBXBuildFile; fileRef = B356CFE114DF3E27007389CC /* AlarmModePickerController.m */; };
		B356CFE414DF3E27007389CC /* AlarmModePickerController.xib in Resources */ = {isa = PBXBuildFile; fileRef = B356CFE214DF3E27007389CC /* AlarmModePickerController.xib */; };
		B37EF7E214DED6DB001A5C03 /* UIKit.framework in Frameworks */ = {isa = PBXBuildFile; fileRef = B37EF7E114DED6DB001A5C03 /* UIKit.framework */; };
		B37EF7E414DED6DB001A5C03 /* Foundation.framework in Frameworks */ = {isa = PBXBuildFile; fileRef = B37EF7E314DED6DB001A5C03 /* Foundation.framework */; };
		B37EF7E614DED6DB001A5C03 /* CoreGraphics.framework in Frameworks */ = {isa = PBXBuildFile; fileRef = B37EF7E514DED6DB001A5C03 /* CoreGraphics.framework */; };
		B37EF7E814DED6DB001A5C03 /* CoreData.framework in Frameworks */ = {isa = PBXBuildFile; fileRef = B37EF7E714DED6DB001A5C03 /* CoreData.framework */; };
		B37EF7EE14DED6DB001A5C03 /* InfoPlist.strings in Resources */ = {isa = PBXBuildFile; fileRef = B37EF7EC14DED6DB001A5C03 /* InfoPlist.strings */; };
		B37EF7F014DED6DB001A5C03 /* main.m in Sources */ = {isa = PBXBuildFile; fileRef = B37EF7EF14DED6DB001A5C03 /* main.m */; };
		B37EF7F414DED6DB001A5C03 /* AppDelegate.m in Sources */ = {isa = PBXBuildFile; fileRef = B37EF7F314DED6DB001A5C03 /* AppDelegate.m */; };
		B37EF7F714DED6DB001A5C03 /* Gymlaps2.xcdatamodeld in Sources */ = {isa = PBXBuildFile; fileRef = B37EF7F514DED6DB001A5C03 /* Gymlaps2.xcdatamodeld */; };
		B37EF7FA14DED6DB001A5C03 /* MainViewController.m in Sources */ = {isa = PBXBuildFile; fileRef = B37EF7F914DED6DB001A5C03 /* MainViewController.m */; };
		B37EF7FD14DED6DB001A5C03 /* FlipsideViewController.m in Sources */ = {isa = PBXBuildFile; fileRef = B37EF7FC14DED6DB001A5C03 /* FlipsideViewController.m */; };
		B37EF80014DED6DB001A5C03 /* MainViewController.xib in Resources */ = {isa = PBXBuildFile; fileRef = B37EF7FE14DED6DB001A5C03 /* MainViewController.xib */; };
		B37EF80314DED6DB001A5C03 /* FlipsideViewController.xib in Resources */ = {isa = PBXBuildFile; fileRef = B37EF80114DED6DB001A5C03 /* FlipsideViewController.xib */; };
		B37EF81014DEDA14001A5C03 /* TouchableLabel.m in Sources */ = {isa = PBXBuildFile; fileRef = B37EF80F14DEDA14001A5C03 /* TouchableLabel.m */; };
		B37EF81314DEDA8A001A5C03 /* SoundEffect.m in Sources */ = {isa = PBXBuildFile; fileRef = B37EF81214DEDA8A001A5C03 /* SoundEffect.m */; };
		B37EF81B14DEDD4F001A5C03 /* AudioToolbox.framework in Frameworks */ = {isa = PBXBuildFile; fileRef = B37EF81A14DEDD4F001A5C03 /* AudioToolbox.framework */; };
		B37EF82014DF2A6E001A5C03 /* icon.png in Resources */ = {isa = PBXBuildFile; fileRef = B37EF81D14DF2A6E001A5C03 /* icon.png */; };
		B37EF82114DF2A6E001A5C03 /* icon@2x.png in Resources */ = {isa = PBXBuildFile; fileRef = B37EF81E14DF2A6E001A5C03 /* icon@2x.png */; };
		B37EF82214DF2A6E001A5C03 /* interface.png in Resources */ = {isa = PBXBuildFile; fileRef = B37EF81F14DF2A6E001A5C03 /* interface.png */; };
		B37EF82E14DF2A90001A5C03 /* BH.caf in Resources */ = {isa = PBXBuildFile; fileRef = B37EF82914DF2A90001A5C03 /* BH.caf */; };
		B37EF82F14DF2A90001A5C03 /* Bottle.caf in Resources */ = {isa = PBXBuildFile; fileRef = B37EF82A14DF2A90001A5C03 /* Bottle.caf */; };
		B37EF83014DF2A90001A5C03 /* Click.caf in Resources */ = {isa = PBXBuildFile; fileRef = B37EF82B14DF2A90001A5C03 /* Click.caf */; };
		B37EF83114DF2A90001A5C03 /* End.caf in Resources */ = {isa = PBXBuildFile; fileRef = B37EF82C14DF2A90001A5C03 /* End.caf */; };
		B37EF83214DF2A90001A5C03 /* Start.caf in Resources */ = {isa = PBXBuildFile; fileRef = B37EF82D14DF2A90001A5C03 /* Start.caf */; };
		B37EF83414DF2AB6001A5C03 /* Default@2x.png in Resources */ = {isa = PBXBuildFile; fileRef = B37EF83314DF2AB6001A5C03 /* Default@2x.png */; };
		B37EF83814DF2AD8001A5C03 /* button_i.png in Resources */ = {isa = PBXBuildFile; fileRef = B37EF83514DF2AD8001A5C03 /* button_i.png */; };
		B37EF83914DF2AD8001A5C03 /* button_r.png in Resources */ = {isa = PBXBuildFile; fileRef = B37EF83614DF2AD8001A5C03 /* button_r.png */; };
		B37EF83A14DF2AD8001A5C03 /* button_s.png in Resources */ = {isa = PBXBuildFile; fileRef = B37EF83714DF2AD8001A5C03 /* button_s.png */; };
		B37EF85114DF2E91001A5C03 /* Blue.png in Resources */ = {isa = PBXBuildFile; fileRef = B37EF84614DF2E91001A5C03 /* Blue.png */; };
		B37EF85214DF2E91001A5C03 /* Blue@2x.png in Resources */ = {isa = PBXBuildFile; fileRef = B37EF84714DF2E91001A5C03 /* Blue@2x.png */; };
		B37EF85314DF2E91001A5C03 /* MKInfoPanel.m in Sources */ = {isa = PBXBuildFile; fileRef = B37EF84914DF2E91001A5C03 /* MKInfoPanel.m */; };
		B37EF85414DF2E91001A5C03 /* MKInfoPanel.xib in Resources */ = {isa = PBXBuildFile; fileRef = B37EF84A14DF2E91001A5C03 /* MKInfoPanel.xib */; };
		B37EF85514DF2E91001A5C03 /* Red.png in Resources */ = {isa = PBXBuildFile; fileRef = B37EF84B14DF2E91001A5C03 /* Red.png */; };
		B37EF85614DF2E91001A5C03 /* Red@2x.png in Resources */ = {isa = PBXBuildFile; fileRef = B37EF84C14DF2E91001A5C03 /* Red@2x.png */; };
		B37EF85714DF2E91001A5C03 /* Tick.png in Resources */ = {isa = PBXBuildFile; fileRef = B37EF84D14DF2E91001A5C03 /* Tick.png */; };
		B37EF85814DF2E91001A5C03 /* Tick@2x.png in Resources */ = {isa = PBXBuildFile; fileRef = B37EF84E14DF2E91001A5C03 /* Tick@2x.png */; };
		B37EF85914DF2E91001A5C03 /* Warning.png in Resources */ = {isa = PBXBuildFile; fileRef = B37EF84F14DF2E91001A5C03 /* Warning.png */; };
		B37EF85A14DF2E91001A5C03 /* Warning@2x.png in Resources */ = {isa = PBXBuildFile; fileRef = B37EF85014DF2E91001A5C03 /* Warning@2x.png */; };
		B37EF85C14DF302B001A5C03 /* QuartzCore.framework in Frameworks */ = {isa = PBXBuildFile; fileRef = B37EF85B14DF302B001A5C03 /* QuartzCore.framework */; };
		B38E2FD814E5D40C00E35F90 /* noise.png in Resources */ = {isa = PBXBuildFile; fileRef = B38E2FD714E5D40C00E35F90 /* noise.png */; };
		B3ADBAF814ECDF1D00758568 /* WelcomeViewController.m in Sources */ = {isa = PBXBuildFile; fileRef = B3ADBAF614ECDF1D00758568 /* WelcomeViewController.m */; };
		B3ADBAF914ECDF1D00758568 /* WelcomeViewController.xib in Resources */ = {isa = PBXBuildFile; fileRef = B3ADBAF714ECDF1D00758568 /* WelcomeViewController.xib */; };
		B3ADBAFB14ECE01100758568 /* wc-bottom.png in Resources */ = {isa = PBXBuildFile; fileRef = B3ADBAFA14ECE01100758568 /* wc-bottom.png */; };
		B3ADBAFD14ECE08200758568 /* wc-top.png in Resources */ = {isa = PBXBuildFile; fileRef = B3ADBAFC14ECE08200758568 /* wc-top.png */; };
		B3ADBB0014ECE12E00758568 /* wc-next-highlighted.png in Resources */ = {isa = PBXBuildFile; fileRef = B3ADBAFE14ECE12E00758568 /* wc-next-highlighted.png */; };
		B3ADBB0114ECE12E00758568 /* wc-next-button.png in Resources */ = {isa = PBXBuildFile; fileRef = B3ADBAFF14ECE12E00758568 /* wc-next-button.png */; };
		B3ADBB1114ED06A800758568 /* wc-page2.png in Resources */ = {isa = PBXBuildFile; fileRef = B3ADBB0E14ED06A700758568 /* wc-page2.png */; };
		B3ADBB1214ED06A800758568 /* wc-page3.png in Resources */ = {isa = PBXBuildFile; fileRef = B3ADBB0F14ED06A700758568 /* wc-page3.png */; };
		B3ADBB1314ED06A800758568 /* wc-page4.png in Resources */ = {isa = PBXBuildFile; fileRef = B3ADBB1014ED06A700758568 /* wc-page4.png */; };
		B3ADBB1714ED0C1700758568 /* wc-page1.png in Resources */ = {isa = PBXBuildFile; fileRef = B3ADBB1614ED0C1700758568 /* wc-page1.png */; };
		B3ADBB1A14ED0CB400758568 /* wc-button.png in Resources */ = {isa = PBXBuildFile; fileRef = B3ADBB1814ED0CB400758568 /* wc-button.png */; };
		B3ADBB1B14ED0CB400758568 /* wc-button-highlighted.png in Resources */ = {isa = PBXBuildFile; fileRef = B3ADBB1914ED0CB400758568 /* wc-button-highlighted.png */; };
		B3CDB4B114E60F2F009402D4 /* Mute.png in Resources */ = {isa = PBXBuildFile; fileRef = B3CDB4B014E60F2F009402D4 /* Mute.png */; };
		B3CDB4B514E614D4009402D4 /* Whoosh.caf in Resources */ = {isa = PBXBuildFile; fileRef = B3CDB4B414E614D4009402D4 /* Whoosh.caf */; };
		B3CDB4DB14E65301009402D4 /* Timer.m in Sources */ = {isa = PBXBuildFile; fileRef = B3CDB4DA14E65301009402D4 /* Timer.m */; };
		B3CDB4E314E6776A009402D4 /* SetlistViewController.m in Sources */ = {isa = PBXBuildFile; fileRef = B3CDB4E114E6776A009402D4 /* SetlistViewController.m */; };
		B3F0B62514E68343008FAFF8 /* TimerCell.xib in Resources */ = {isa = PBXBuildFile; fileRef = B3F0B62414E68343008FAFF8 /* TimerCell.xib */; };
/* End PBXBuildFile section */

/* Begin PBXFileReference section */
		B332E84614E0DBA6006FC0D7 /* IntervalTwoPickerController.xib */ = {isa = PBXFileReference; fileEncoding = 4; lastKnownFileType = file.xib; path = IntervalTwoPickerController.xib; sourceTree = "<group>"; };
		B3398DDB14E683D900E4F227 /* TimerCell.h */ = {isa = PBXFileReference; fileEncoding = 4; lastKnownFileType = sourcecode.c.h; path = TimerCell.h; sourceTree = "<group>"; };
		B3398DDC14E683D900E4F227 /* TimerCell.m */ = {isa = PBXFileReference; fileEncoding = 4; lastKnownFileType = sourcecode.c.objc; path = TimerCell.m; sourceTree = "<group>"; };
		B3398DDE14E687FC00E4F227 /* cell.png */ = {isa = PBXFileReference; lastKnownFileType = image.png; path = cell.png; sourceTree = "<group>"; };
		B356CFD114DF3DF9007389CC /* IntervalPickerController.h */ = {isa = PBXFileReference; fileEncoding = 4; lastKnownFileType = sourcecode.c.h; path = IntervalPickerController.h; sourceTree = "<group>"; };
		B356CFD214DF3DF9007389CC /* IntervalPickerController.m */ = {isa = PBXFileReference; fileEncoding = 4; lastKnownFileType = sourcecode.c.objc; path = IntervalPickerController.m; sourceTree = "<group>"; };
		B356CFD314DF3DF9007389CC /* IntervalOnePickerController.xib */ = {isa = PBXFileReference; fileEncoding = 4; lastKnownFileType = file.xib; path = IntervalOnePickerController.xib; sourceTree = "<group>"; };
		B356CFD614DF3E06007389CC /* LapsPickerController.h */ = {isa = PBXFileReference; fileEncoding = 4; lastKnownFileType = sourcecode.c.h; path = LapsPickerController.h; sourceTree = "<group>"; };
		B356CFD714DF3E06007389CC /* LapsPickerController.m */ = {isa = PBXFileReference; fileEncoding = 4; lastKnownFileType = sourcecode.c.objc; path = LapsPickerController.m; sourceTree = "<group>"; };
		B356CFD814DF3E06007389CC /* LapsPickerController.xib */ = {isa = PBXFileReference; fileEncoding = 4; lastKnownFileType = file.xib; path = LapsPickerController.xib; sourceTree = "<group>"; };
		B356CFDB14DF3E1D007389CC /* BeepModePickerController.h */ = {isa = PBXFileReference; fileEncoding = 4; lastKnownFileType = sourcecode.c.h; path = BeepModePickerController.h; sourceTree = "<group>"; };
		B356CFDC14DF3E1D007389CC /* BeepModePickerController.m */ = {isa = PBXFileReference; fileEncoding = 4; lastKnownFileType = sourcecode.c.objc; path = BeepModePickerController.m; sourceTree = "<group>"; };
		B356CFDD14DF3E1D007389CC /* BeepModePickerController.xib */ = {isa = PBXFileReference; fileEncoding = 4; lastKnownFileType = file.xib; path = BeepModePickerController.xib; sourceTree = "<group>"; };
		B356CFE014DF3E27007389CC /* AlarmModePickerController.h */ = {isa = PBXFileReference; fileEncoding = 4; lastKnownFileType = sourcecode.c.h; path = AlarmModePickerController.h; sourceTree = "<group>"; };
		B356CFE114DF3E27007389CC /* AlarmModePickerController.m */ = {isa = PBXFileReference; fileEncoding = 4; lastKnownFileType = sourcecode.c.objc; path = AlarmModePickerController.m; sourceTree = "<group>"; };
		B356CFE214DF3E27007389CC /* AlarmModePickerController.xib */ = {isa = PBXFileReference; fileEncoding = 4; lastKnownFileType = file.xib; path = AlarmModePickerController.xib; sourceTree = "<group>"; };
		B37EF7DD14DED6DB001A5C03 /* Gymlaps2.app */ = {isa = PBXFileReference; explicitFileType = wrapper.application; includeInIndex = 0; path = Gymlaps2.app; sourceTree = BUILT_PRODUCTS_DIR; };
		B37EF7E114DED6DB001A5C03 /* UIKit.framework */ = {isa = PBXFileReference; lastKnownFileType = wrapper.framework; name = UIKit.framework; path = System/Library/Frameworks/UIKit.framework; sourceTree = SDKROOT; };
		B37EF7E314DED6DB001A5C03 /* Foundation.framework */ = {isa = PBXFileReference; lastKnownFileType = wrapper.framework; name = Foundation.framework; path = System/Library/Frameworks/Foundation.framework; sourceTree = SDKROOT; };
		B37EF7E514DED6DB001A5C03 /* CoreGraphics.framework */ = {isa = PBXFileReference; lastKnownFileType = wrapper.framework; name = CoreGraphics.framework; path = System/Library/Frameworks/CoreGraphics.framework; sourceTree = SDKROOT; };
		B37EF7E714DED6DB001A5C03 /* CoreData.framework */ = {isa = PBXFileReference; lastKnownFileType = wrapper.framework; name = CoreData.framework; path = System/Library/Frameworks/CoreData.framework; sourceTree = SDKROOT; };
		B37EF7EB14DED6DB001A5C03 /* Gymlaps2-Info.plist */ = {isa = PBXFileReference; lastKnownFileType = text.plist.xml; path = "Gymlaps2-Info.plist"; sourceTree = "<group>"; };
		B37EF7ED14DED6DB001A5C03 /* en */ = {isa = PBXFileReference; lastKnownFileType = text.plist.strings; name = en; path = en.lproj/InfoPlist.strings; sourceTree = "<group>"; };
		B37EF7EF14DED6DB001A5C03 /* main.m */ = {isa = PBXFileReference; lastKnownFileType = sourcecode.c.objc; path = main.m; sourceTree = "<group>"; };
		B37EF7F114DED6DB001A5C03 /* Gymlaps2-Prefix.pch */ = {isa = PBXFileReference; lastKnownFileType = sourcecode.c.h; path = "Gymlaps2-Prefix.pch"; sourceTree = "<group>"; };
		B37EF7F214DED6DB001A5C03 /* AppDelegate.h */ = {isa = PBXFileReference; lastKnownFileType = sourcecode.c.h; path = AppDelegate.h; sourceTree = "<group>"; };
		B37EF7F314DED6DB001A5C03 /* AppDelegate.m */ = {isa = PBXFileReference; lastKnownFileType = sourcecode.c.objc; path = AppDelegate.m; sourceTree = "<group>"; };
		B37EF7F614DED6DB001A5C03 /* Gymlaps2.xcdatamodel */ = {isa = PBXFileReference; lastKnownFileType = wrapper.xcdatamodel; path = Gymlaps2.xcdatamodel; sourceTree = "<group>"; };
		B37EF7F814DED6DB001A5C03 /* MainViewController.h */ = {isa = PBXFileReference; lastKnownFileType = sourcecode.c.h; path = MainViewController.h; sourceTree = "<group>"; };
		B37EF7F914DED6DB001A5C03 /* MainViewController.m */ = {isa = PBXFileReference; lastKnownFileType = sourcecode.c.objc; path = MainViewController.m; sourceTree = "<group>"; };
		B37EF7FB14DED6DB001A5C03 /* FlipsideViewController.h */ = {isa = PBXFileReference; lastKnownFileType = sourcecode.c.h; path = FlipsideViewController.h; sourceTree = "<group>"; };
		B37EF7FC14DED6DB001A5C03 /* FlipsideViewController.m */ = {isa = PBXFileReference; lastKnownFileType = sourcecode.c.objc; path = FlipsideViewController.m; sourceTree = "<group>"; };
		B37EF7FF14DED6DB001A5C03 /* en */ = {isa = PBXFileReference; lastKnownFileType = file.xib; name = en; path = en.lproj/MainViewController.xib; sourceTree = "<group>"; };
		B37EF80214DED6DB001A5C03 /* en */ = {isa = PBXFileReference; lastKnownFileType = file.xib; name = en; path = en.lproj/FlipsideViewController.xib; sourceTree = "<group>"; };
		B37EF80E14DEDA14001A5C03 /* TouchableLabel.h */ = {isa = PBXFileReference; fileEncoding = 4; lastKnownFileType = sourcecode.c.h; path = TouchableLabel.h; sourceTree = "<group>"; };
		B37EF80F14DEDA14001A5C03 /* TouchableLabel.m */ = {isa = PBXFileReference; fileEncoding = 4; lastKnownFileType = sourcecode.c.objc; path = TouchableLabel.m; sourceTree = "<group>"; };
		B37EF81114DEDA8A001A5C03 /* SoundEffect.h */ = {isa = PBXFileReference; fileEncoding = 4; lastKnownFileType = sourcecode.c.h; path = SoundEffect.h; sourceTree = "<group>"; };
		B37EF81214DEDA8A001A5C03 /* SoundEffect.m */ = {isa = PBXFileReference; fileEncoding = 4; lastKnownFileType = sourcecode.c.objc; path = SoundEffect.m; sourceTree = "<group>"; };
		B37EF81A14DEDD4F001A5C03 /* AudioToolbox.framework */ = {isa = PBXFileReference; lastKnownFileType = wrapper.framework; name = AudioToolbox.framework; path = System/Library/Frameworks/AudioToolbox.framework; sourceTree = SDKROOT; };
		B37EF81D14DF2A6E001A5C03 /* icon.png */ = {isa = PBXFileReference; lastKnownFileType = image.png; path = icon.png; sourceTree = "<group>"; };
		B37EF81E14DF2A6E001A5C03 /* icon@2x.png */ = {isa = PBXFileReference; lastKnownFileType = image.png; path = "icon@2x.png"; sourceTree = "<group>"; };
		B37EF81F14DF2A6E001A5C03 /* interface.png */ = {isa = PBXFileReference; lastKnownFileType = image.png; path = interface.png; sourceTree = "<group>"; };
		B37EF82914DF2A90001A5C03 /* BH.caf */ = {isa = PBXFileReference; lastKnownFileType = file; path = BH.caf; sourceTree = "<group>"; };
		B37EF82A14DF2A90001A5C03 /* Bottle.caf */ = {isa = PBXFileReference; lastKnownFileType = file; path = Bottle.caf; sourceTree = "<group>"; };
		B37EF82B14DF2A90001A5C03 /* Click.caf */ = {isa = PBXFileReference; lastKnownFileType = file; path = Click.caf; sourceTree = "<group>"; };
		B37EF82C14DF2A90001A5C03 /* End.caf */ = {isa = PBXFileReference; lastKnownFileType = file; path = End.caf; sourceTree = "<group>"; };
		B37EF82D14DF2A90001A5C03 /* Start.caf */ = {isa = PBXFileReference; lastKnownFileType = file; path = Start.caf; sourceTree = "<group>"; };
		B37EF83314DF2AB6001A5C03 /* Default@2x.png */ = {isa = PBXFileReference; lastKnownFileType = image.png; path = "Default@2x.png"; sourceTree = "<group>"; };
		B37EF83514DF2AD8001A5C03 /* button_i.png */ = {isa = PBXFileReference; lastKnownFileType = image.png; path = button_i.png; sourceTree = "<group>"; };
		B37EF83614DF2AD8001A5C03 /* button_r.png */ = {isa = PBXFileReference; lastKnownFileType = image.png; path = button_r.png; sourceTree = "<group>"; };
		B37EF83714DF2AD8001A5C03 /* button_s.png */ = {isa = PBXFileReference; lastKnownFileType = image.png; path = button_s.png; sourceTree = "<group>"; };
		B37EF84614DF2E91001A5C03 /* Blue.png */ = {isa = PBXFileReference; lastKnownFileType = image.png; path = Blue.png; sourceTree = "<group>"; };
		B37EF84714DF2E91001A5C03 /* Blue@2x.png */ = {isa = PBXFileReference; lastKnownFileType = image.png; path = "Blue@2x.png"; sourceTree = "<group>"; };
		B37EF84814DF2E91001A5C03 /* MKInfoPanel.h */ = {isa = PBXFileReference; fileEncoding = 4; lastKnownFileType = sourcecode.c.h; path = MKInfoPanel.h; sourceTree = "<group>"; };
		B37EF84914DF2E91001A5C03 /* MKInfoPanel.m */ = {isa = PBXFileReference; fileEncoding = 4; lastKnownFileType = sourcecode.c.objc; path = MKInfoPanel.m; sourceTree = "<group>"; };
		B37EF84A14DF2E91001A5C03 /* MKInfoPanel.xib */ = {isa = PBXFileReference; fileEncoding = 4; lastKnownFileType = file.xib; path = MKInfoPanel.xib; sourceTree = "<group>"; };
		B37EF84B14DF2E91001A5C03 /* Red.png */ = {isa = PBXFileReference; lastKnownFileType = image.png; path = Red.png; sourceTree = "<group>"; };
		B37EF84C14DF2E91001A5C03 /* Red@2x.png */ = {isa = PBXFileReference; lastKnownFileType = image.png; path = "Red@2x.png"; sourceTree = "<group>"; };
		B37EF84D14DF2E91001A5C03 /* Tick.png */ = {isa = PBXFileReference; lastKnownFileType = image.png; path = Tick.png; sourceTree = "<group>"; };
		B37EF84E14DF2E91001A5C03 /* Tick@2x.png */ = {isa = PBXFileReference; lastKnownFileType = image.png; path = "Tick@2x.png"; sourceTree = "<group>"; };
		B37EF84F14DF2E91001A5C03 /* Warning.png */ = {isa = PBXFileReference; lastKnownFileType = image.png; path = Warning.png; sourceTree = "<group>"; };
		B37EF85014DF2E91001A5C03 /* Warning@2x.png */ = {isa = PBXFileReference; lastKnownFileType = image.png; path = "Warning@2x.png"; sourceTree = "<group>"; };
		B37EF85B14DF302B001A5C03 /* QuartzCore.framework */ = {isa = PBXFileReference; lastKnownFileType = wrapper.framework; name = QuartzCore.framework; path = System/Library/Frameworks/QuartzCore.framework; sourceTree = SDKROOT; };
		B38E2FD714E5D40C00E35F90 /* noise.png */ = {isa = PBXFileReference; lastKnownFileType = image.png; path = noise.png; sourceTree = "<group>"; };
		B3ADBAF514ECDF1D00758568 /* WelcomeViewController.h */ = {isa = PBXFileReference; fileEncoding = 4; lastKnownFileType = sourcecode.c.h; path = WelcomeViewController.h; sourceTree = "<group>"; };
		B3ADBAF614ECDF1D00758568 /* WelcomeViewController.m */ = {isa = PBXFileReference; fileEncoding = 4; lastKnownFileType = sourcecode.c.objc; path = WelcomeViewController.m; sourceTree = "<group>"; };
		B3ADBAF714ECDF1D00758568 /* WelcomeViewController.xib */ = {isa = PBXFileReference; fileEncoding = 4; lastKnownFileType = file.xib; path = WelcomeViewController.xib; sourceTree = "<group>"; };
		B3ADBAFA14ECE01100758568 /* wc-bottom.png */ = {isa = PBXFileReference; lastKnownFileType = image.png; path = "wc-bottom.png"; sourceTree = "<group>"; };
		B3ADBAFC14ECE08200758568 /* wc-top.png */ = {isa = PBXFileReference; lastKnownFileType = image.png; path = "wc-top.png"; sourceTree = "<group>"; };
		B3ADBAFE14ECE12E00758568 /* wc-next-highlighted.png */ = {isa = PBXFileReference; lastKnownFileType = image.png; path = "wc-next-highlighted.png"; sourceTree = "<group>"; };
		B3ADBAFF14ECE12E00758568 /* wc-next-button.png */ = {isa = PBXFileReference; lastKnownFileType = image.png; path = "wc-next-button.png"; sourceTree = "<group>"; };
		B3ADBB0E14ED06A700758568 /* wc-page2.png */ = {isa = PBXFileReference; lastKnownFileType = image.png; path = "wc-page2.png"; sourceTree = "<group>"; };
		B3ADBB0F14ED06A700758568 /* wc-page3.png */ = {isa = PBXFileReference; lastKnownFileType = image.png; path = "wc-page3.png"; sourceTree = "<group>"; };
		B3ADBB1014ED06A700758568 /* wc-page4.png */ = {isa = PBXFileReference; lastKnownFileType = image.png; path = "wc-page4.png"; sourceTree = "<group>"; };
		B3ADBB1614ED0C1700758568 /* wc-page1.png */ = {isa = PBXFileReference; lastKnownFileType = image.png; path = "wc-page1.png"; sourceTree = "<group>"; };
		B3ADBB1814ED0CB400758568 /* wc-button.png */ = {isa = PBXFileReference; lastKnownFileType = image.png; path = "wc-button.png"; sourceTree = "<group>"; };
		B3ADBB1914ED0CB400758568 /* wc-button-highlighted.png */ = {isa = PBXFileReference; lastKnownFileType = image.png; path = "wc-button-highlighted.png"; sourceTree = "<group>"; };
		B3CDB4B014E60F2F009402D4 /* Mute.png */ = {isa = PBXFileReference; lastKnownFileType = image.png; path = Mute.png; sourceTree = "<group>"; };
		B3CDB4B414E614D4009402D4 /* Whoosh.caf */ = {isa = PBXFileReference; lastKnownFileType = file; path = Whoosh.caf; sourceTree = "<group>"; };
		B3CDB4D914E65301009402D4 /* Timer.h */ = {isa = PBXFileReference; fileEncoding = 4; lastKnownFileType = sourcecode.c.h; path = Timer.h; sourceTree = "<group>"; };
		B3CDB4DA14E65301009402D4 /* Timer.m */ = {isa = PBXFileReference; fileEncoding = 4; lastKnownFileType = sourcecode.c.objc; path = Timer.m; sourceTree = "<group>"; };
		B3CDB4E014E6776A009402D4 /* SetlistViewController.h */ = {isa = PBXFileReference; fileEncoding = 4; lastKnownFileType = sourcecode.c.h; path = SetlistViewController.h; sourceTree = "<group>"; };
		B3CDB4E114E6776A009402D4 /* SetlistViewController.m */ = {isa = PBXFileReference; fileEncoding = 4; lastKnownFileType = sourcecode.c.objc; path = SetlistViewController.m; sourceTree = "<group>"; };
		B3F0B62414E68343008FAFF8 /* TimerCell.xib */ = {isa = PBXFileReference; fileEncoding = 4; lastKnownFileType = file.xib; name = TimerCell.xib; path = ../TimerCell.xib; sourceTree = "<group>"; };
/* End PBXFileReference section */

/* Begin PBXFrameworksBuildPhase section */
		B37EF7DA14DED6DB001A5C03 /* Frameworks */ = {
			isa = PBXFrameworksBuildPhase;
			buildActionMask = 2147483647;
			files = (
				B37EF85C14DF302B001A5C03 /* QuartzCore.framework in Frameworks */,
				B37EF81B14DEDD4F001A5C03 /* AudioToolbox.framework in Frameworks */,
				B37EF7E214DED6DB001A5C03 /* UIKit.framework in Frameworks */,
				B37EF7E414DED6DB001A5C03 /* Foundation.framework in Frameworks */,
				B37EF7E614DED6DB001A5C03 /* CoreGraphics.framework in Frameworks */,
				B37EF7E814DED6DB001A5C03 /* CoreData.framework in Frameworks */,
			);
			runOnlyForDeploymentPostprocessing = 0;
		};
/* End PBXFrameworksBuildPhase section */

/* Begin PBXGroup section */
		B356CFCF14DF3DD9007389CC /* Pickers */ = {
			isa = PBXGroup;
			children = (
				B356CFE014DF3E27007389CC /* AlarmModePickerController.h */,
				B356CFE114DF3E27007389CC /* AlarmModePickerController.m */,
				B356CFE214DF3E27007389CC /* AlarmModePickerController.xib */,
				B356CFDB14DF3E1D007389CC /* BeepModePickerController.h */,
				B356CFDC14DF3E1D007389CC /* BeepModePickerController.m */,
				B356CFDD14DF3E1D007389CC /* BeepModePickerController.xib */,
				B356CFD614DF3E06007389CC /* LapsPickerController.h */,
				B356CFD714DF3E06007389CC /* LapsPickerController.m */,
				B356CFD814DF3E06007389CC /* LapsPickerController.xib */,
				B356CFD114DF3DF9007389CC /* IntervalPickerController.h */,
				B356CFD214DF3DF9007389CC /* IntervalPickerController.m */,
				B356CFD314DF3DF9007389CC /* IntervalOnePickerController.xib */,
				B332E84614E0DBA6006FC0D7 /* IntervalTwoPickerController.xib */,
			);
			name = Pickers;
			sourceTree = "<group>";
		};
		B37EF7D214DED6DB001A5C03 = {
			isa = PBXGroup;
			children = (
				B37EF85B14DF302B001A5C03 /* QuartzCore.framework */,
				B37EF81A14DEDD4F001A5C03 /* AudioToolbox.framework */,
				B37EF7E914DED6DB001A5C03 /* Gymlaps2 */,
				B37EF7E014DED6DB001A5C03 /* Frameworks */,
				B37EF7DE14DED6DB001A5C03 /* Products */,
			);
			sourceTree = "<group>";
		};
		B37EF7DE14DED6DB001A5C03 /* Products */ = {
			isa = PBXGroup;
			children = (
				B37EF7DD14DED6DB001A5C03 /* Gymlaps2.app */,
			);
			name = Products;
			sourceTree = "<group>";
		};
		B37EF7E014DED6DB001A5C03 /* Frameworks */ = {
			isa = PBXGroup;
			children = (
				B37EF7E114DED6DB001A5C03 /* UIKit.framework */,
				B37EF7E314DED6DB001A5C03 /* Foundation.framework */,
				B37EF7E514DED6DB001A5C03 /* CoreGraphics.framework */,
				B37EF7E714DED6DB001A5C03 /* CoreData.framework */,
			);
			name = Frameworks;
			sourceTree = "<group>";
		};
		B37EF7E914DED6DB001A5C03 /* Gymlaps2 */ = {
			isa = PBXGroup;
			children = (
				B3ADBAF314ECDF0200758568 /* Welcome */,
				B3CDB4DC14E67579009402D4 /* Setlist */,
				B37EF84514DF2E91001A5C03 /* MKInfoBundle */,
				B37EF81C14DF2A61001A5C03 /* Assets */,
				B37EF81414DEDA8F001A5C03 /* SoundEffect */,
				B356CFCF14DF3DD9007389CC /* Pickers */,
				B37EF80D14DED9E7001A5C03 /* TouchableLabel */,
				B37EF80C14DED9D6001A5C03 /* Models */,
				B37EF7F214DED6DB001A5C03 /* AppDelegate.h */,
				B37EF7F314DED6DB001A5C03 /* AppDelegate.m */,
				B37EF7F814DED6DB001A5C03 /* MainViewController.h */,
				B37EF7F914DED6DB001A5C03 /* MainViewController.m */,
				B37EF7FB14DED6DB001A5C03 /* FlipsideViewController.h */,
				B37EF7FC14DED6DB001A5C03 /* FlipsideViewController.m */,
				B37EF7FE14DED6DB001A5C03 /* MainViewController.xib */,
				B37EF80114DED6DB001A5C03 /* FlipsideViewController.xib */,
				B37EF7F514DED6DB001A5C03 /* Gymlaps2.xcdatamodeld */,
				B37EF7EA14DED6DB001A5C03 /* Supporting Files */,
			);
			path = Gymlaps2;
			sourceTree = "<group>";
		};
		B37EF7EA14DED6DB001A5C03 /* Supporting Files */ = {
			isa = PBXGroup;
			children = (
				B37EF7EB14DED6DB001A5C03 /* Gymlaps2-Info.plist */,
				B37EF7EC14DED6DB001A5C03 /* InfoPlist.strings */,
				B37EF7EF14DED6DB001A5C03 /* main.m */,
				B37EF7F114DED6DB001A5C03 /* Gymlaps2-Prefix.pch */,
			);
			name = "Supporting Files";
			sourceTree = "<group>";
		};
		B37EF80C14DED9D6001A5C03 /* Models */ = {
			isa = PBXGroup;
			children = (
				B3CDB4D914E65301009402D4 /* Timer.h */,
				B3CDB4DA14E65301009402D4 /* Timer.m */,
			);
			name = Models;
			sourceTree = "<group>";
		};
		B37EF80D14DED9E7001A5C03 /* TouchableLabel */ = {
			isa = PBXGroup;
			children = (
				B37EF80E14DEDA14001A5C03 /* TouchableLabel.h */,
				B37EF80F14DEDA14001A5C03 /* TouchableLabel.m */,
			);
			name = TouchableLabel;
			sourceTree = "<group>";
		};
		B37EF81414DEDA8F001A5C03 /* SoundEffect */ = {
			isa = PBXGroup;
			children = (
				B37EF81114DEDA8A001A5C03 /* SoundEffect.h */,
				B37EF81214DEDA8A001A5C03 /* SoundEffect.m */,
			);
			name = SoundEffect;
			sourceTree = "<group>";
		};
		B37EF81C14DF2A61001A5C03 /* Assets */ = {
			isa = PBXGroup;
			children = (
				B3398DDE14E687FC00E4F227 /* cell.png */,
				B3CDB4B014E60F2F009402D4 /* Mute.png */,
				B38E2FD714E5D40C00E35F90 /* noise.png */,
				B37EF83314DF2AB6001A5C03 /* Default@2x.png */,
				B37EF81D14DF2A6E001A5C03 /* icon.png */,
				B37EF81E14DF2A6E001A5C03 /* icon@2x.png */,
				B37EF81F14DF2A6E001A5C03 /* interface.png */,
				B37EF83514DF2AD8001A5C03 /* button_i.png */,
				B37EF83614DF2AD8001A5C03 /* button_r.png */,
				B37EF83714DF2AD8001A5C03 /* button_s.png */,
				B37EF82914DF2A90001A5C03 /* BH.caf */,
				B37EF82A14DF2A90001A5C03 /* Bottle.caf */,
				B37EF82B14DF2A90001A5C03 /* Click.caf */,
				B37EF82C14DF2A90001A5C03 /* End.caf */,
				B37EF82D14DF2A90001A5C03 /* Start.caf */,
				B3CDB4B414E614D4009402D4 /* Whoosh.caf */,
			);
			name = Assets;
			sourceTree = "<group>";
		};
		B37EF84514DF2E91001A5C03 /* MKInfoBundle */ = {
			isa = PBXGroup;
			children = (
				B37EF84614DF2E91001A5C03 /* Blue.png */,
				B37EF84714DF2E91001A5C03 /* Blue@2x.png */,
				B37EF84814DF2E91001A5C03 /* MKInfoPanel.h */,
				B37EF84914DF2E91001A5C03 /* MKInfoPanel.m */,
				B37EF84A14DF2E91001A5C03 /* MKInfoPanel.xib */,
				B37EF84B14DF2E91001A5C03 /* Red.png */,
				B37EF84C14DF2E91001A5C03 /* Red@2x.png */,
				B37EF84D14DF2E91001A5C03 /* Tick.png */,
				B37EF84E14DF2E91001A5C03 /* Tick@2x.png */,
				B37EF84F14DF2E91001A5C03 /* Warning.png */,
				B37EF85014DF2E91001A5C03 /* Warning@2x.png */,
			);
			path = MKInfoBundle;
			sourceTree = "<group>";
		};
		B3ADBAF314ECDF0200758568 /* Welcome */ = {
			isa = PBXGroup;
			children = (
				B3ADBAF514ECDF1D00758568 /* WelcomeViewController.h */,
				B3ADBAF614ECDF1D00758568 /* WelcomeViewController.m */,
				B3ADBAF714ECDF1D00758568 /* WelcomeViewController.xib */,
				B3ADBAFC14ECE08200758568 /* wc-top.png */,
				B3ADBAFA14ECE01100758568 /* wc-bottom.png */,
				B3ADBAFE14ECE12E00758568 /* wc-next-highlighted.png */,
				B3ADBAFF14ECE12E00758568 /* wc-next-button.png */,
				B3ADBB1614ED0C1700758568 /* wc-page1.png */,
				B3ADBB0E14ED06A700758568 /* wc-page2.png */,
				B3ADBB0F14ED06A700758568 /* wc-page3.png */,
				B3ADBB1014ED06A700758568 /* wc-page4.png */,
				B3ADBB1814ED0CB400758568 /* wc-button.png */,
				B3ADBB1914ED0CB400758568 /* wc-button-highlighted.png */,
			);
			name = Welcome;
			sourceTree = "<group>";
		};
		B3CDB4DC14E67579009402D4 /* Setlist */ = {
			isa = PBXGroup;
			children = (
				B3CDB4E014E6776A009402D4 /* SetlistViewController.h */,
				B3CDB4E114E6776A009402D4 /* SetlistViewController.m */,
				B3F0B62414E68343008FAFF8 /* TimerCell.xib */,
				B3398DDB14E683D900E4F227 /* TimerCell.h */,
				B3398DDC14E683D900E4F227 /* TimerCell.m */,
			);
			name = Setlist;
			sourceTree = "<group>";
		};
/* End PBXGroup section */

/* Begin PBXNativeTarget section */
		B37EF7DC14DED6DB001A5C03 /* Gymlaps2 */ = {
			isa = PBXNativeTarget;
			buildConfigurationList = B37EF80614DED6DB001A5C03 /* Build configuration list for PBXNativeTarget "Gymlaps2" */;
			buildPhases = (
				B37EF7D914DED6DB001A5C03 /* Sources */,
				B37EF7DA14DED6DB001A5C03 /* Frameworks */,
				B37EF7DB14DED6DB001A5C03 /* Resources */,
			);
			buildRules = (
			);
			dependencies = (
			);
			name = Gymlaps2;
			productName = Gymlaps2;
			productReference = B37EF7DD14DED6DB001A5C03 /* Gymlaps2.app */;
			productType = "com.apple.product-type.application";
		};
/* End PBXNativeTarget section */

/* Begin PBXProject section */
		B37EF7D414DED6DB001A5C03 /* Project object */ = {
			isa = PBXProject;
			attributes = {
				LastUpgradeCheck = 0420;
			};
			buildConfigurationList = B37EF7D714DED6DB001A5C03 /* Build configuration list for PBXProject "Gymlaps2" */;
			compatibilityVersion = "Xcode 3.2";
			developmentRegion = English;
			hasScannedForEncodings = 0;
			knownRegions = (
				en,
			);
			mainGroup = B37EF7D214DED6DB001A5C03;
			productRefGroup = B37EF7DE14DED6DB001A5C03 /* Products */;
			projectDirPath = "";
			projectRoot = "";
			targets = (
				B37EF7DC14DED6DB001A5C03 /* Gymlaps2 */,
			);
		};
/* End PBXProject section */

/* Begin PBXResourcesBuildPhase section */
		B37EF7DB14DED6DB001A5C03 /* Resources */ = {
			isa = PBXResourcesBuildPhase;
			buildActionMask = 2147483647;
			files = (
				B37EF7EE14DED6DB001A5C03 /* InfoPlist.strings in Resources */,
				B37EF80014DED6DB001A5C03 /* MainViewController.xib in Resources */,
				B37EF80314DED6DB001A5C03 /* FlipsideViewController.xib in Resources */,
				B37EF82014DF2A6E001A5C03 /* icon.png in Resources */,
				B37EF82114DF2A6E001A5C03 /* icon@2x.png in Resources */,
				B37EF82214DF2A6E001A5C03 /* interface.png in Resources */,
				B37EF82E14DF2A90001A5C03 /* BH.caf in Resources */,
				B37EF82F14DF2A90001A5C03 /* Bottle.caf in Resources */,
				B37EF83014DF2A90001A5C03 /* Click.caf in Resources */,
				B37EF83114DF2A90001A5C03 /* End.caf in Resources */,
				B37EF83214DF2A90001A5C03 /* Start.caf in Resources */,
				B37EF83414DF2AB6001A5C03 /* Default@2x.png in Resources */,
				B37EF83814DF2AD8001A5C03 /* button_i.png in Resources */,
				B37EF83914DF2AD8001A5C03 /* button_r.png in Resources */,
				B37EF83A14DF2AD8001A5C03 /* button_s.png in Resources */,
				B37EF85114DF2E91001A5C03 /* Blue.png in Resources */,
				B37EF85214DF2E91001A5C03 /* Blue@2x.png in Resources */,
				B37EF85414DF2E91001A5C03 /* MKInfoPanel.xib in Resources */,
				B37EF85514DF2E91001A5C03 /* Red.png in Resources */,
				B37EF85614DF2E91001A5C03 /* Red@2x.png in Resources */,
				B37EF85714DF2E91001A5C03 /* Tick.png in Resources */,
				B37EF85814DF2E91001A5C03 /* Tick@2x.png in Resources */,
				B37EF85914DF2E91001A5C03 /* Warning.png in Resources */,
				B37EF85A14DF2E91001A5C03 /* Warning@2x.png in Resources */,
				B356CFD514DF3DF9007389CC /* IntervalOnePickerController.xib in Resources */,
				B356CFDA14DF3E06007389CC /* LapsPickerController.xib in Resources */,
				B356CFDF14DF3E1D007389CC /* BeepModePickerController.xib in Resources */,
				B356CFE414DF3E27007389CC /* AlarmModePickerController.xib in Resources */,
				B332E84714E0DBA6006FC0D7 /* IntervalTwoPickerController.xib in Resources */,
				B38E2FD814E5D40C00E35F90 /* noise.png in Resources */,
				B3CDB4B114E60F2F009402D4 /* Mute.png in Resources */,
				B3CDB4B514E614D4009402D4 /* Whoosh.caf in Resources */,
				B3F0B62514E68343008FAFF8 /* TimerCell.xib in Resources */,
				B3398DDF14E687FC00E4F227 /* cell.png in Resources */,
				B3ADBAF914ECDF1D00758568 /* WelcomeViewController.xib in Resources */,
				B3ADBAFB14ECE01100758568 /* wc-bottom.png in Resources */,
				B3ADBAFD14ECE08200758568 /* wc-top.png in Resources */,
				B3ADBB0014ECE12E00758568 /* wc-next-highlighted.png in Resources */,
				B3ADBB0114ECE12E00758568 /* wc-next-button.png in Resources */,
				B3ADBB1114ED06A800758568 /* wc-page2.png in Resources */,
				B3ADBB1214ED06A800758568 /* wc-page3.png in Resources */,
				B3ADBB1314ED06A800758568 /* wc-page4.png in Resources */,
				B3ADBB1714ED0C1700758568 /* wc-page1.png in Resources */,
				B3ADBB1A14ED0CB400758568 /* wc-button.png in Resources */,
				B3ADBB1B14ED0CB400758568 /* wc-button-highlighted.png in Resources */,
			);
			runOnlyForDeploymentPostprocessing = 0;
		};
/* End PBXResourcesBuildPhase section */

/* Begin PBXSourcesBuildPhase section */
		B37EF7D914DED6DB001A5C03 /* Sources */ = {
			isa = PBXSourcesBuildPhase;
			buildActionMask = 2147483647;
			files = (
				B37EF7F014DED6DB001A5C03 /* main.m in Sources */,
				B37EF7F414DED6DB001A5C03 /* AppDelegate.m in Sources */,
				B37EF7F714DED6DB001A5C03 /* Gymlaps2.xcdatamodeld in Sources */,
				B37EF7FA14DED6DB001A5C03 /* MainViewController.m in Sources */,
				B37EF7FD14DED6DB001A5C03 /* FlipsideViewController.m in Sources */,
				B37EF81014DEDA14001A5C03 /* TouchableLabel.m in Sources */,
				B37EF81314DEDA8A001A5C03 /* SoundEffect.m in Sources */,
				B37EF85314DF2E91001A5C03 /* MKInfoPanel.m in Sources */,
				B356CFD414DF3DF9007389CC /* IntervalPickerController.m in Sources */,
				B356CFD914DF3E06007389CC /* LapsPickerController.m in Sources */,
				B356CFDE14DF3E1D007389CC /* BeepModePickerController.m in Sources */,
				B356CFE314DF3E27007389CC /* AlarmModePickerController.m in Sources */,
				B3CDB4DB14E65301009402D4 /* Timer.m in Sources */,
				B3CDB4E314E6776A009402D4 /* SetlistViewController.m in Sources */,
				B3398DDD14E683D900E4F227 /* TimerCell.m in Sources */,
				B3ADBAF814ECDF1D00758568 /* WelcomeViewController.m in Sources */,
			);
			runOnlyForDeploymentPostprocessing = 0;
		};
/* End PBXSourcesBuildPhase section */

/* Begin PBXVariantGroup section */
		B37EF7EC14DED6DB001A5C03 /* InfoPlist.strings */ = {
			isa = PBXVariantGroup;
			children = (
				B37EF7ED14DED6DB001A5C03 /* en */,
			);
			name = InfoPlist.strings;
			sourceTree = "<group>";
		};
		B37EF7FE14DED6DB001A5C03 /* MainViewController.xib */ = {
			isa = PBXVariantGroup;
			children = (
				B37EF7FF14DED6DB001A5C03 /* en */,
			);
			name = MainViewController.xib;
			sourceTree = "<group>";
		};
		B37EF80114DED6DB001A5C03 /* FlipsideViewController.xib */ = {
			isa = PBXVariantGroup;
			children = (
				B37EF80214DED6DB001A5C03 /* en */,
			);
			name = FlipsideViewController.xib;
			sourceTree = "<group>";
		};
/* End PBXVariantGroup section */

/* Begin XCBuildConfiguration section */
		B37EF80414DED6DB001A5C03 /* Debug */ = {
			isa = XCBuildConfiguration;
			buildSettings = {
				ALWAYS_SEARCH_USER_PATHS = NO;
				ARCHS = "$(ARCHS_STANDARD_32_BIT)";
				CLANG_ENABLE_OBJC_ARC = YES;
				"CODE_SIGN_IDENTITY[sdk=iphoneos*]" = "iPhone Developer";
				COPY_PHASE_STRIP = NO;
				GCC_C_LANGUAGE_STANDARD = gnu99;
				GCC_DYNAMIC_NO_PIC = NO;
				GCC_OPTIMIZATION_LEVEL = 0;
				GCC_PREPROCESSOR_DEFINITIONS = (
					"DEBUG=1",
					"$(inherited)",
				);
				GCC_SYMBOLS_PRIVATE_EXTERN = NO;
				GCC_VERSION = com.apple.compilers.llvm.clang.1_0;
				GCC_WARN_ABOUT_MISSING_PROTOTYPES = YES;
				GCC_WARN_ABOUT_RETURN_TYPE = YES;
				GCC_WARN_UNUSED_VARIABLE = YES;
				IPHONEOS_DEPLOYMENT_TARGET = 5.0;
				SDKROOT = iphoneos;
			};
			name = Debug;
		};
		B37EF80514DED6DB001A5C03 /* Release */ = {
			isa = XCBuildConfiguration;
			buildSettings = {
				ALWAYS_SEARCH_USER_PATHS = NO;
				ARCHS = "$(ARCHS_STANDARD_32_BIT)";
				CLANG_ENABLE_OBJC_ARC = YES;
				"CODE_SIGN_IDENTITY[sdk=iphoneos*]" = "iPhone Developer";
				COPY_PHASE_STRIP = YES;
				GCC_C_LANGUAGE_STANDARD = gnu99;
				GCC_VERSION = com.apple.compilers.llvm.clang.1_0;
				GCC_WARN_ABOUT_MISSING_PROTOTYPES = YES;
				GCC_WARN_ABOUT_RETURN_TYPE = YES;
				GCC_WARN_UNUSED_VARIABLE = YES;
				IPHONEOS_DEPLOYMENT_TARGET = 5.0;
				OTHER_CFLAGS = "-DNS_BLOCK_ASSERTIONS=1";
				SDKROOT = iphoneos;
				VALIDATE_PRODUCT = YES;
			};
			name = Release;
		};
		B37EF80714DED6DB001A5C03 /* Debug */ = {
			isa = XCBuildConfiguration;
			buildSettings = {
				GCC_PRECOMPILE_PREFIX_HEADER = YES;
				GCC_PREFIX_HEADER = "Gymlaps2/Gymlaps2-Prefix.pch";
				INFOPLIST_FILE = "Gymlaps2/Gymlaps2-Info.plist";
				PRODUCT_NAME = "$(TARGET_NAME)";
				WRAPPER_EXTENSION = app;
			};
			name = Debug;
		};
		B37EF80814DED6DB001A5C03 /* Release */ = {
			isa = XCBuildConfiguration;
			buildSettings = {
				GCC_PRECOMPILE_PREFIX_HEADER = YES;
				GCC_PREFIX_HEADER = "Gymlaps2/Gymlaps2-Prefix.pch";
				INFOPLIST_FILE = "Gymlaps2/Gymlaps2-Info.plist";
				PRODUCT_NAME = "$(TARGET_NAME)";
				WRAPPER_EXTENSION = app;
			};
			name = Release;
		};
/* End XCBuildConfiguration section */

/* Begin XCConfigurationList section */
		B37EF7D714DED6DB001A5C03 /* Build configuration list for PBXProject "Gymlaps2" */ = {
			isa = XCConfigurationList;
			buildConfigurations = (
				B37EF80414DED6DB001A5C03 /* Debug */,
				B37EF80514DED6DB001A5C03 /* Release */,
			);
			defaultConfigurationIsVisible = 0;
			defaultConfigurationName = Release;
		};
		B37EF80614DED6DB001A5C03 /* Build configuration list for PBXNativeTarget "Gymlaps2" */ = {
			isa = XCConfigurationList;
			buildConfigurations = (
				B37EF80714DED6DB001A5C03 /* Debug */,
				B37EF80814DED6DB001A5C03 /* Release */,
			);
			defaultConfigurationIsVisible = 0;
			defaultConfigurationName = Release;
		};
/* End XCConfigurationList section */

/* Begin XCVersionGroup section */
		B37EF7F514DED6DB001A5C03 /* Gymlaps2.xcdatamodeld */ = {
			isa = XCVersionGroup;
			children = (
				B37EF7F614DED6DB001A5C03 /* Gymlaps2.xcdatamodel */,
			);
			currentVersion = B37EF7F614DED6DB001A5C03 /* Gymlaps2.xcdatamodel */;
			path = Gymlaps2.xcdatamodeld;
			sourceTree = "<group>";
			versionGroupType = wrapper.xcdatamodel;
		};
/* End XCVersionGroup section */
	};
	rootObject = B37EF7D414DED6DB001A5C03 /* Project object */;
}
